
Microsoft Visual Studio Solution File, Format Version 12.00
# Visual Studio 2012
Project("{FAE04EC0-301F-11D3-BF4B-00C04F79EFBC}") = "Domain", "src\Domain\Domain.csproj", "{DE58EB7B-7C15-419C-B0AC-7A8A8F691813}"
EndProject
Project("{FAE04EC0-301F-11D3-BF4B-00C04F79EFBC}") = "Infrastructure", "src\Infrastructure\Infrastructure.csproj", "{2D476F77-41C0-4C8D-9F78-7BB714A43582}"
EndProject
Project("{2150E333-8FDC-42A3-9474-1A3956D46DE8}") = "Solution Items", "Solution Items", "{27A91F42-6804-4A4A-823F-6744C641436F}"
	ProjectSection(SolutionItems) = preProject
		LICENSE = LICENSE
		README.md = README.md
		SharedAssemblyInfo.cs = SharedAssemblyInfo.cs
	EndProjectSection
EndProject
Project("{FAE04EC0-301F-11D3-BF4B-00C04F79EFBC}") = "Tests", "src\Tests\Tests.csproj", "{490C8BA9-BCBE-4AB4-810C-4F5175D3B453}"
EndProject
Project("{2150E333-8FDC-42A3-9474-1A3956D46DE8}") = "LocalConfig", "LocalConfig", "{9BE121AB-BC2F-4AE9-BC7A-E297EC6E920F}"
	ProjectSection(SolutionItems) = preProject
		LocalConfig\Environment.config = LocalConfig\Environment.config
		LocalConfig\Environment.example.config = LocalConfig\Environment.example.config
		LocalConfig\NLog.config = LocalConfig\NLog.config
		LocalConfig\NLog.example.config = LocalConfig\NLog.example.config
		LocalConfig\NLog.xsd = LocalConfig\NLog.xsd
	EndProjectSection
EndProject
Project("{FAE04EC0-301F-11D3-BF4B-00C04F79EFBC}") = "Data", "src\Data\Data.csproj", "{2D244A52-459E-4048-8EDB-82D311F9266A}"
EndProject
Project("{FAE04EC0-301F-11D3-BF4B-00C04F79EFBC}") = "Web", "src\Web\Web.csproj", "{14808D46-944A-4F75-9403-040853F74F01}"
EndProject
Project("{FAE04EC0-301F-11D3-BF4B-00C04F79EFBC}") = "Console.Admin", "src\Console.Admin\Console.Admin.csproj", "{54B4EBBE-5E5D-412A-AE8D-1349DDE833BB}"
EndProject
Global
	GlobalSection(SolutionConfigurationPlatforms) = preSolution
		Debug|Any CPU = Debug|Any CPU
		Release|Any CPU = Release|Any CPU
	EndGlobalSection
	GlobalSection(ProjectConfigurationPlatforms) = postSolution
		{DE58EB7B-7C15-419C-B0AC-7A8A8F691813}.Debug|Any CPU.ActiveCfg = Debug|Any CPU
		{DE58EB7B-7C15-419C-B0AC-7A8A8F691813}.Debug|Any CPU.Build.0 = Debug|Any CPU
		{DE58EB7B-7C15-419C-B0AC-7A8A8F691813}.Release|Any CPU.ActiveCfg = Release|Any CPU
		{DE58EB7B-7C15-419C-B0AC-7A8A8F691813}.Release|Any CPU.Build.0 = Release|Any CPU
		{2D476F77-41C0-4C8D-9F78-7BB714A43582}.Debug|Any CPU.ActiveCfg = Debug|Any CPU
		{2D476F77-41C0-4C8D-9F78-7BB714A43582}.Debug|Any CPU.Build.0 = Debug|Any CPU
		{2D476F77-41C0-4C8D-9F78-7BB714A43582}.Release|Any CPU.ActiveCfg = Release|Any CPU
		{2D476F77-41C0-4C8D-9F78-7BB714A43582}.Release|Any CPU.Build.0 = Release|Any CPU
		{490C8BA9-BCBE-4AB4-810C-4F5175D3B453}.Debug|Any CPU.ActiveCfg = Debug|Any CPU
		{490C8BA9-BCBE-4AB4-810C-4F5175D3B453}.Debug|Any CPU.Build.0 = Debug|Any CPU
		{490C8BA9-BCBE-4AB4-810C-4F5175D3B453}.Release|Any CPU.ActiveCfg = Release|Any CPU
		{490C8BA9-BCBE-4AB4-810C-4F5175D3B453}.Release|Any CPU.Build.0 = Release|Any CPU
		{2D244A52-459E-4048-8EDB-82D311F9266A}.Debug|Any CPU.ActiveCfg = Debug|Any CPU
		{2D244A52-459E-4048-8EDB-82D311F9266A}.Debug|Any CPU.Build.0 = Debug|Any CPU
		{2D244A52-459E-4048-8EDB-82D311F9266A}.Release|Any CPU.ActiveCfg = Release|Any CPU
		{2D244A52-459E-4048-8EDB-82D311F9266A}.Release|Any CPU.Build.0 = Release|Any CPU
		{14808D46-944A-4F75-9403-040853F74F01}.Debug|Any CPU.ActiveCfg = Debug|Any CPU
		{14808D46-944A-4F75-9403-040853F74F01}.Debug|Any CPU.Build.0 = Debug|Any CPU
		{14808D46-944A-4F75-9403-040853F74F01}.Release|Any CPU.ActiveCfg = Release|Any CPU
		{14808D46-944A-4F75-9403-040853F74F01}.Release|Any CPU.Build.0 = Release|Any CPU
		{54B4EBBE-5E5D-412A-AE8D-1349DDE833BB}.Debug|Any CPU.ActiveCfg = Debug|Any CPU
		{54B4EBBE-5E5D-412A-AE8D-1349DDE833BB}.Debug|Any CPU.Build.0 = Debug|Any CPU
		{54B4EBBE-5E5D-412A-AE8D-1349DDE833BB}.Release|Any CPU.ActiveCfg = Release|Any CPU
		{54B4EBBE-5E5D-412A-AE8D-1349DDE833BB}.Release|Any CPU.Build.0 = Release|Any CPU
	EndGlobalSection
	GlobalSection(SolutionProperties) = preSolution
		HideSolutionNode = FALSE
	EndGlobalSection
	GlobalSection(NestedProjects) = preSolution
		{9BE121AB-BC2F-4AE9-BC7A-E297EC6E920F} = {27A91F42-6804-4A4A-823F-6744C641436F}
	EndGlobalSection
EndGlobal
